
Microsoft Visual Studio Solution File, Format Version 12.00
# Visual Studio Version 17
VisualStudioVersion = 17.0.31919.166
MinimumVisualStudioVersion = 10.0.40219.1
Project("{9A19103F-16F7-4668-BE54-9A1E7A4F7556}") = "NutcacheEmployeeAPI", "NutcacheEmployeeAPI.csproj", "{870D9AA7-9449-4265-B8F8-08663130B42D}"
EndProject
Project("{FAE04EC0-301F-11D3-BF4B-00C04F79EFBC}") = "NutcacheEmployeeAPITest", "..\NutcacheEmployeeAPITest\NutcacheEmployeeAPITest.csproj", "{AD9F942B-3666-4D65-A87B-5D201738B7B1}"
	ProjectSection(ProjectDependencies) = postProject
		{870D9AA7-9449-4265-B8F8-08663130B42D} = {870D9AA7-9449-4265-B8F8-08663130B42D}
	EndProjectSection
EndProject
Global
	GlobalSection(SolutionConfigurationPlatforms) = preSolution
		Debug|Any CPU = Debug|Any CPU
		Release|Any CPU = Release|Any CPU
	EndGlobalSection
	GlobalSection(ProjectConfigurationPlatforms) = postSolution
		{870D9AA7-9449-4265-B8F8-08663130B42D}.Debug|Any CPU.ActiveCfg = Debug|Any CPU
		{870D9AA7-9449-4265-B8F8-08663130B42D}.Debug|Any CPU.Build.0 = Debug|Any CPU
		{870D9AA7-9449-4265-B8F8-08663130B42D}.Release|Any CPU.ActiveCfg = Release|Any CPU
		{870D9AA7-9449-4265-B8F8-08663130B42D}.Release|Any CPU.Build.0 = Release|Any CPU
		{AD9F942B-3666-4D65-A87B-5D201738B7B1}.Debug|Any CPU.ActiveCfg = Debug|Any CPU
		{AD9F942B-3666-4D65-A87B-5D201738B7B1}.Debug|Any CPU.Build.0 = Debug|Any CPU
		{AD9F942B-3666-4D65-A87B-5D201738B7B1}.Release|Any CPU.ActiveCfg = Release|Any CPU
		{AD9F942B-3666-4D65-A87B-5D201738B7B1}.Release|Any CPU.Build.0 = Release|Any CPU
	EndGlobalSection
	GlobalSection(SolutionProperties) = preSolution
		HideSolutionNode = FALSE
	EndGlobalSection
	GlobalSection(ExtensibilityGlobals) = postSolution
		SolutionGuid = {7A1DC662-D6E2-4FE4-9BF6-F4EA46E5161A}
	EndGlobalSection
EndGlobal
